
Microsoft Visual Studio Solution File, Format Version 12.00
# Visual Studio 15
VisualStudioVersion = 15.0.28307.168
MinimumVisualStudioVersion = 10.0.40219.1
Project("{FAE04EC0-301F-11D3-BF4B-00C04F79EFBC}") = "TcxConverterWeb", "TcxConverterWeb\TcxConverterWeb.csproj", "{9E7F0381-60EA-4FBE-A5B9-B1585466256F}"
EndProject
Global
	GlobalSection(SolutionConfigurationPlatforms) = preSolution
		Debug|Any CPU = Debug|Any CPU
		Release|Any CPU = Release|Any CPU
	EndGlobalSection
	GlobalSection(ProjectConfigurationPlatforms) = postSolution
		{9E7F0381-60EA-4FBE-A5B9-B1585466256F}.Debug|Any CPU.ActiveCfg = Debug|Any CPU
		{9E7F0381-60EA-4FBE-A5B9-B1585466256F}.Debug|Any CPU.Build.0 = Debug|Any CPU
		{9E7F0381-60EA-4FBE-A5B9-B1585466256F}.Release|Any CPU.ActiveCfg = Release|Any CPU
		{9E7F0381-60EA-4FBE-A5B9-B1585466256F}.Release|Any CPU.Build.0 = Release|Any CPU
	EndGlobalSection
	GlobalSection(SolutionProperties) = preSolution
		HideSolutionNode = FALSE
	EndGlobalSection
	GlobalSection(ExtensibilityGlobals) = postSolution
		SolutionGuid = {CE44FF18-6B1A-4E93-9BB0-0D5885E65BC1}
	EndGlobalSection
EndGlobal
